
Microsoft Visual Studio Solution File, Format Version 12.00
# Visual Studio Version 16
VisualStudioVersion = 16.0.29009.5
MinimumVisualStudioVersion = 10.0.40219.1
Project("{FAE04EC0-301F-11D3-BF4B-00C04F79EFBC}") = "SIGAPRO", "SIGAPRO\SIGAPRO.csproj", "{BCD27E97-1A54-4116-A858-2EA934749DED}"
EndProject
Project("{FAE04EC0-301F-11D3-BF4B-00C04F79EFBC}") = "SIGAPRO.NEGOCIO", "SIGAPRO.NEGOCIO\SIGAPRO.NEGOCIO.csproj", "{C563CAA1-2538-4558-BF23-8CF9CC0B38ED}"
EndProject
Project("{FAE04EC0-301F-11D3-BF4B-00C04F79EFBC}") = "SIGAPRO.DATOS", "SIGAPRO.DATOS\SIGAPRO.DATOS.csproj", "{4F16D1EC-8C53-4B5E-BA5F-A4E433508A58}"
EndProject
Global
	GlobalSection(SolutionConfigurationPlatforms) = preSolution
		Debug|Any CPU = Debug|Any CPU
		Release|Any CPU = Release|Any CPU
	EndGlobalSection
	GlobalSection(ProjectConfigurationPlatforms) = postSolution
		{BCD27E97-1A54-4116-A858-2EA934749DED}.Debug|Any CPU.ActiveCfg = Debug|Any CPU
		{BCD27E97-1A54-4116-A858-2EA934749DED}.Debug|Any CPU.Build.0 = Debug|Any CPU
		{BCD27E97-1A54-4116-A858-2EA934749DED}.Release|Any CPU.ActiveCfg = Release|Any CPU
		{BCD27E97-1A54-4116-A858-2EA934749DED}.Release|Any CPU.Build.0 = Release|Any CPU
		{C563CAA1-2538-4558-BF23-8CF9CC0B38ED}.Debug|Any CPU.ActiveCfg = Debug|Any CPU
		{C563CAA1-2538-4558-BF23-8CF9CC0B38ED}.Debug|Any CPU.Build.0 = Debug|Any CPU
		{C563CAA1-2538-4558-BF23-8CF9CC0B38ED}.Release|Any CPU.ActiveCfg = Release|Any CPU
		{C563CAA1-2538-4558-BF23-8CF9CC0B38ED}.Release|Any CPU.Build.0 = Release|Any CPU
		{4F16D1EC-8C53-4B5E-BA5F-A4E433508A58}.Debug|Any CPU.ActiveCfg = Debug|Any CPU
		{4F16D1EC-8C53-4B5E-BA5F-A4E433508A58}.Debug|Any CPU.Build.0 = Debug|Any CPU
		{4F16D1EC-8C53-4B5E-BA5F-A4E433508A58}.Release|Any CPU.ActiveCfg = Release|Any CPU
		{4F16D1EC-8C53-4B5E-BA5F-A4E433508A58}.Release|Any CPU.Build.0 = Release|Any CPU
	EndGlobalSection
	GlobalSection(SolutionProperties) = preSolution
		HideSolutionNode = FALSE
	EndGlobalSection
	GlobalSection(ExtensibilityGlobals) = postSolution
		SolutionGuid = {25E5750E-6614-4E55-BF52-F133EEFA19A6}
	EndGlobalSection
EndGlobal
